
Microsoft Visual Studio Solution File, Format Version 12.00
# Visual Studio Version 16
VisualStudioVersion = 16.0.29418.71
MinimumVisualStudioVersion = 10.0.40219.1
Project("{FAE04EC0-301F-11D3-BF4B-00C04F79EFBC}") = "Pokladna_Zacek", "Pokladna_Zacek\Pokladna_Zacek.csproj", "{69390337-F9A1-4252-9D1F-C16950EED663}"
EndProject
Global
	GlobalSection(SolutionConfigurationPlatforms) = preSolution
		Debug|Any CPU = Debug|Any CPU
		Release|Any CPU = Release|Any CPU
	EndGlobalSection
	GlobalSection(ProjectConfigurationPlatforms) = postSolution
		{69390337-F9A1-4252-9D1F-C16950EED663}.Debug|Any CPU.ActiveCfg = Debug|Any CPU
		{69390337-F9A1-4252-9D1F-C16950EED663}.Debug|Any CPU.Build.0 = Debug|Any CPU
		{69390337-F9A1-4252-9D1F-C16950EED663}.Release|Any CPU.ActiveCfg = Release|Any CPU
		{69390337-F9A1-4252-9D1F-C16950EED663}.Release|Any CPU.Build.0 = Release|Any CPU
	EndGlobalSection
	GlobalSection(SolutionProperties) = preSolution
		HideSolutionNode = FALSE
	EndGlobalSection
	GlobalSection(ExtensibilityGlobals) = postSolution
		SolutionGuid = {EE148150-B7C7-4AD9-BC16-19BBD509B3F4}
	EndGlobalSection
EndGlobal
